// !$*UTF8*$!
{
	archiveVersion = 1;
	classes = {
	};
	objectVersion = 46;
	objects = {

/* Begin PBXBuildFile section */
		A2FB3E891A6E120700FC3BF6 /* main.m in Sources */ = {isa = PBXBuildFile; fileRef = A2FB3E881A6E120700FC3BF6 /* main.m */; };
		A2FB3E8C1A6E120700FC3BF6 /* AppDelegate.m in Sources */ = {isa = PBXBuildFile; fileRef = A2FB3E8B1A6E120700FC3BF6 /* AppDelegate.m */; };
		A2FB3E8E1A6E120700FC3BF6 /* Images.xcassets in Resources */ = {isa = PBXBuildFile; fileRef = A2FB3E8D1A6E120700FC3BF6 /* Images.xcassets */; };
		A2FB3E911A6E120700FC3BF6 /* LaunchScreen.xib in Resources */ = {isa = PBXBuildFile; fileRef = A2FB3E8F1A6E120700FC3BF6 /* LaunchScreen.xib */; };
		A2FB3EA91A6E122600FC3BF6 /* JKAlert.m in Sources */ = {isa = PBXBuildFile; fileRef = A2FB3EA81A6E122600FC3BF6 /* JKAlert.m */; };
		A2FB3EAD1A6E162200FC3BF6 /* RootViewController.m in Sources */ = {isa = PBXBuildFile; fileRef = A2FB3EAB1A6E162200FC3BF6 /* RootViewController.m */; };
		A2FB3EAE1A6E162200FC3BF6 /* RootViewController.xib in Resources */ = {isa = PBXBuildFile; fileRef = A2FB3EAC1A6E162200FC3BF6 /* RootViewController.xib */; };
/* End PBXBuildFile section */

/* Begin PBXFileReference section */
		A2FB3E831A6E120700FC3BF6 /* JKAlert.app */ = {isa = PBXFileReference; explicitFileType = wrapper.application; includeInIndex = 0; path = JKAlert.app; sourceTree = BUILT_PRODUCTS_DIR; };
		A2FB3E871A6E120700FC3BF6 /* Info.plist */ = {isa = PBXFileReference; lastKnownFileType = text.plist.xml; path = Info.plist; sourceTree = "<group>"; };
		A2FB3E881A6E120700FC3BF6 /* main.m */ = {isa = PBXFileReference; lastKnownFileType = sourcecode.c.objc; path = main.m; sourceTree = "<group>"; };
		A2FB3E8A1A6E120700FC3BF6 /* AppDelegate.h */ = {isa = PBXFileReference; lastKnownFileType = sourcecode.c.h; path = AppDelegate.h; sourceTree = "<group>"; };
		A2FB3E8B1A6E120700FC3BF6 /* AppDelegate.m */ = {isa = PBXFileReference; lastKnownFileType = sourcecode.c.objc; path = AppDelegate.m; sourceTree = "<group>"; };
		A2FB3E8D1A6E120700FC3BF6 /* Images.xcassets */ = {isa = PBXFileReference; lastKnownFileType = folder.assetcatalog; path = Images.xcassets; sourceTree = "<group>"; };
		A2FB3E901A6E120700FC3BF6 /* Base */ = {isa = PBXFileReference; lastKnownFileType = file.xib; name = Base; path = Base.lproj/LaunchScreen.xib; sourceTree = "<group>"; };
		A2FB3EA71A6E122600FC3BF6 /* JKAlert.h */ = {isa = PBXFileReference; fileEncoding = 4; lastKnownFileType = sourcecode.c.h; path = JKAlert.h; sourceTree = "<group>"; };
		A2FB3EA81A6E122600FC3BF6 /* JKAlert.m */ = {isa = PBXFileReference; fileEncoding = 4; lastKnownFileType = sourcecode.c.objc; path = JKAlert.m; sourceTree = "<group>"; };
		A2FB3EAA1A6E162200FC3BF6 /* RootViewController.h */ = {isa = PBXFileReference; fileEncoding = 4; lastKnownFileType = sourcecode.c.h; path = RootViewController.h; sourceTree = "<group>"; };
		A2FB3EAB1A6E162200FC3BF6 /* RootViewController.m */ = {isa = PBXFileReference; fileEncoding = 4; lastKnownFileType = sourcecode.c.objc; path = RootViewController.m; sourceTree = "<group>"; };
		A2FB3EAC1A6E162200FC3BF6 /* RootViewController.xib */ = {isa = PBXFileReference; fileEncoding = 4; lastKnownFileType = file.xib; path = RootViewController.xib; sourceTree = "<group>"; };
/* End PBXFileReference section */

/* Begin PBXFrameworksBuildPhase section */
		A2FB3E801A6E120700FC3BF6 /* Frameworks */ = {
			isa = PBXFrameworksBuildPhase;
			buildActionMask = 2147483647;
			files = (
			);
			runOnlyForDeploymentPostprocessing = 0;
		};
/* End PBXFrameworksBuildPhase section */

/* Begin PBXGroup section */
		A2FB3E7A1A6E120600FC3BF6 = {
			isa = PBXGroup;
			children = (
				A2FB3E851A6E120700FC3BF6 /* JKAlert */,
				A2FB3E841A6E120700FC3BF6 /* Products */,
			);
			sourceTree = "<group>";
		};
		A2FB3E841A6E120700FC3BF6 /* Products */ = {
			isa = PBXGroup;
			children = (
				A2FB3E831A6E120700FC3BF6 /* JKAlert.app */,
			);
			name = Products;
			sourceTree = "<group>";
		};
		A2FB3E851A6E120700FC3BF6 /* JKAlert */ = {
			isa = PBXGroup;
			children = (
				A2FB3EA61A6E121600FC3BF6 /* JKAlert */,
				A2FB3E8A1A6E120700FC3BF6 /* AppDelegate.h */,
				A2FB3E8B1A6E120700FC3BF6 /* AppDelegate.m */,
				A2FB3EAA1A6E162200FC3BF6 /* RootViewController.h */,
				A2FB3EAB1A6E162200FC3BF6 /* RootViewController.m */,
				A2FB3EAC1A6E162200FC3BF6 /* RootViewController.xib */,
				A2FB3E8D1A6E120700FC3BF6 /* Images.xcassets */,
				A2FB3E8F1A6E120700FC3BF6 /* LaunchScreen.xib */,
				A2FB3E861A6E120700FC3BF6 /* Supporting Files */,
			);
			path = JKAlert;
			sourceTree = "<group>";
		};
		A2FB3E861A6E120700FC3BF6 /* Supporting Files */ = {
			isa = PBXGroup;
			children = (
				A2FB3E871A6E120700FC3BF6 /* Info.plist */,
				A2FB3E881A6E120700FC3BF6 /* main.m */,
			);
			name = "Supporting Files";
			sourceTree = "<group>";
		};
		A2FB3EA61A6E121600FC3BF6 /* JKAlert */ = {
			isa = PBXGroup;
			children = (
				A2FB3EA71A6E122600FC3BF6 /* JKAlert.h */,
				A2FB3EA81A6E122600FC3BF6 /* JKAlert.m */,
			);
			path = JKAlert;
			sourceTree = "<group>";
		};
/* End PBXGroup section */

/* Begin PBXNativeTarget section */
		A2FB3E821A6E120700FC3BF6 /* JKAlert */ = {
			isa = PBXNativeTarget;
			buildConfigurationList = A2FB3EA01A6E120700FC3BF6 /* Build configuration list for PBXNativeTarget "JKAlert" */;
			buildPhases = (
				A2FB3E7F1A6E120700FC3BF6 /* Sources */,
				A2FB3E801A6E120700FC3BF6 /* Frameworks */,
				A2FB3E811A6E120700FC3BF6 /* Resources */,
			);
			buildRules = (
			);
			dependencies = (
			);
			name = JKAlert;
			productName = JKAlert;
			productReference = A2FB3E831A6E120700FC3BF6 /* JKAlert.app */;
			productType = "com.apple.product-type.application";
		};
/* End PBXNativeTarget section */

/* Begin PBXProject section */
		A2FB3E7B1A6E120600FC3BF6 /* Project object */ = {
			isa = PBXProject;
			attributes = {
				LastUpgradeCheck = 0610;
				ORGANIZATIONNAME = www.skyfox.org;
				TargetAttributes = {
					A2FB3E821A6E120700FC3BF6 = {
						CreatedOnToolsVersion = 6.1;
					};
				};
			};
			buildConfigurationList = A2FB3E7E1A6E120600FC3BF6 /* Build configuration list for PBXProject "JKAlert" */;
			compatibilityVersion = "Xcode 3.2";
			developmentRegion = English;
			hasScannedForEncodings = 0;
			knownRegions = (
				en,
				Base,
			);
			mainGroup = A2FB3E7A1A6E120600FC3BF6;
			productRefGroup = A2FB3E841A6E120700FC3BF6 /* Products */;
			projectDirPath = "";
			projectRoot = "";
			targets = (
				A2FB3E821A6E120700FC3BF6 /* JKAlert */,
			);
		};
/* End PBXProject section */

/* Begin PBXResourcesBuildPhase section */
		A2FB3E811A6E120700FC3BF6 /* Resources */ = {
			isa = PBXResourcesBuildPhase;
			buildActionMask = 2147483647;
			files = (
				A2FB3E911A6E120700FC3BF6 /* LaunchScreen.xib in Resources */,
				A2FB3E8E1A6E120700FC3BF6 /* Images.xcassets in Resources */,
				A2FB3EAE1A6E162200FC3BF6 /* RootViewController.xib in Resources */,
			);
			runOnlyForDeploymentPostprocessing = 0;
		};
/* End PBXResourcesBuildPhase section */

/* Begin PBXSourcesBuildPhase section */
		A2FB3E7F1A6E120700FC3BF6 /* Sources */ = {
			isa = PBXSourcesBuildPhase;
			buildActionMask = 2147483647;
			files = (
				A2FB3E8C1A6E120700FC3BF6 /* AppDelegate.m in Sources */,
				A2FB3E891A6E120700FC3BF6 /* main.m in Sources */,
				A2FB3EAD1A6E162200FC3BF6 /* RootViewController.m in Sources */,
				A2FB3EA91A6E122600FC3BF6 /* JKAlert.m in Sources */,
			);
			runOnlyForDeploymentPostprocessing = 0;
		};
/* End PBXSourcesBuildPhase section */

/* Begin PBXVariantGroup section */
		A2FB3E8F1A6E120700FC3BF6 /* LaunchScreen.xib */ = {
			isa = PBXVariantGroup;
			children = (
				A2FB3E901A6E120700FC3BF6 /* Base */,
			);
			name = LaunchScreen.xib;
			sourceTree = "<group>";
		};
/* End PBXVariantGroup section */

/* Begin XCBuildConfiguration section */
		A2FB3E9E1A6E120700FC3BF6 /* Debug */ = {
			isa = XCBuildConfiguration;
			buildSettings = {
				ALWAYS_SEARCH_USER_PATHS = NO;
				CLANG_CXX_LANGUAGE_STANDARD = "gnu++0x";
				CLANG_CXX_LIBRARY = "libc++";
				CLANG_ENABLE_MODULES = YES;
				CLANG_ENABLE_OBJC_ARC = YES;
				CLANG_WARN_BOOL_CONVERSION = YES;
				CLANG_WARN_CONSTANT_CONVERSION = YES;
				CLANG_WARN_DIRECT_OBJC_ISA_USAGE = YES_ERROR;
				CLANG_WARN_EMPTY_BODY = YES;
				CLANG_WARN_ENUM_CONVERSION = YES;
				CLANG_WARN_INT_CONVERSION = YES;
				CLANG_WARN_OBJC_ROOT_CLASS = YES_ERROR;
				CLANG_WARN_UNREACHABLE_CODE = YES;
				CLANG_WARN__DUPLICATE_METHOD_MATCH = YES;
				"CODE_SIGN_IDENTITY[sdk=iphoneos*]" = "iPhone Developer";
				COPY_PHASE_STRIP = NO;
				ENABLE_STRICT_OBJC_MSGSEND = YES;
				GCC_C_LANGUAGE_STANDARD = gnu99;
				GCC_DYNAMIC_NO_PIC = NO;
				GCC_OPTIMIZATION_LEVEL = 0;
				GCC_PREPROCESSOR_DEFINITIONS = (
					"DEBUG=1",
					"$(inherited)",
				);
				GCC_SYMBOLS_PRIVATE_EXTERN = NO;
				GCC_WARN_64_TO_32_BIT_CONVERSION = YES;
				GCC_WARN_ABOUT_RETURN_TYPE = YES_ERROR;
				GCC_WARN_UNDECLARED_SELECTOR = YES;
				GCC_WARN_UNINITIALIZED_AUTOS = YES_AGGRESSIVE;
				GCC_WARN_UNUSED_FUNCTION = YES;
				GCC_WARN_UNUSED_VARIABLE = YES;
				IPHONEOS_DEPLOYMENT_TARGET = 7.0;
				MTL_ENABLE_DEBUG_INFO = YES;
				ONLY_ACTIVE_ARCH = YES;
				SDKROOT = iphoneos;
			};
			name = Debug;
		};
		A2FB3E9F1A6E120700FC3BF6 /* Release */ = {
			isa = XCBuildConfiguration;
			buildSettings = {
				ALWAYS_SEARCH_USER_PATHS = NO;
				CLANG_CXX_LANGUAGE_STANDARD = "gnu++0x";
				CLANG_CXX_LIBRARY = "libc++";
				CLANG_ENABLE_MODULES = YES;
				CLANG_ENABLE_OBJC_ARC = YES;
				CLANG_WARN_BOOL_CONVERSION = YES;
				CLANG_WARN_CONSTANT_CONVERSION = YES;
				CLANG_WARN_DIRECT_OBJC_ISA_USAGE = YES_ERROR;
				CLANG_WARN_EMPTY_BODY = YES;
				CLANG_WARN_ENUM_CONVERSION = YES;
				CLANG_WARN_INT_CONVERSION = YES;
				CLANG_WARN_OBJC_ROOT_CLASS = YES_ERROR;
				CLANG_WARN_UNREACHABLE_CODE = YES;
				CLANG_WARN__DUPLICATE_METHOD_MATCH = YES;
				"CODE_SIGN_IDENTITY[sdk=iphoneos*]" = "iPhone Developer";
				COPY_PHASE_STRIP = YES;
				ENABLE_NS_ASSERTIONS = NO;
				ENABLE_STRICT_OBJC_MSGSEND = YES;
				GCC_C_LANGUAGE_STANDARD = gnu99;
				GCC_WARN_64_TO_32_BIT_CONVERSION = YES;
				GCC_WARN_ABOUT_RETURN_TYPE = YES_ERROR;
				GCC_WARN_UNDECLARED_SELECTOR = YES;
				GCC_WARN_UNINITIALIZED_AUTOS = YES_AGGRESSIVE;
				GCC_WARN_UNUSED_FUNCTION = YES;
				GCC_WARN_UNUSED_VARIABLE = YES;
				IPHONEOS_DEPLOYMENT_TARGET = 7.0;
				MTL_ENABLE_DEBUG_INFO = NO;
				SDKROOT = iphoneos;
				VALIDATE_PRODUCT = YES;
			};
			name = Release;
		};
		A2FB3EA11A6E120700FC3BF6 /* Debug */ = {
			isa = XCBuildConfiguration;
			buildSettings = {
				ASSETCATALOG_COMPILER_APPICON_NAME = AppIcon;
				INFOPLIST_FILE = JKAlert/Info.plist;
				IPHONEOS_DEPLOYMENT_TARGET = 7.0;
				LD_RUNPATH_SEARCH_PATHS = "$(inherited) @executable_path/Frameworks";
				PRODUCT_NAME = "$(TARGET_NAME)";
			};
			name = Debug;
		};
		A2FB3EA21A6E120700FC3BF6 /* Release */ = {
			isa = XCBuildConfiguration;
			buildSettings = {
				ASSETCATALOG_COMPILER_APPICON_NAME = AppIcon;
				INFOPLIST_FILE = JKAlert/Info.plist;
				IPHONEOS_DEPLOYMENT_TARGET = 7.0;
				LD_RUNPATH_SEARCH_PATHS = "$(inherited) @executable_path/Frameworks";
				PRODUCT_NAME = "$(TARGET_NAME)";
			};
			name = Release;
		};
/* End XCBuildConfiguration section */

/* Begin XCConfigurationList section */
		A2FB3E7E1A6E120600FC3BF6 /* Build configuration list for PBXProject "JKAlert" */ = {
			isa = XCConfigurationList;
			buildConfigurations = (
				A2FB3E9E1A6E120700FC3BF6 /* Debug */,
				A2FB3E9F1A6E120700FC3BF6 /* Release */,
			);
			defaultConfigurationIsVisible = 0;
			defaultConfigurationName = Release;
		};
		A2FB3EA01A6E120700FC3BF6 /* Build configuration list for PBXNativeTarget "JKAlert" */ = {
			isa = XCConfigurationList;
			buildConfigurations = (
				A2FB3EA11A6E120700FC3BF6 /* Debug */,
				A2FB3EA21A6E120700FC3BF6 /* Release */,
			);
			defaultConfigurationIsVisible = 0;
			defaultConfigurationName = Release;
		};
/* End XCConfigurationList section */
	};
	rootObject = A2FB3E7B1A6E120600FC3BF6 /* Project object */;
}
